
Microsoft Visual Studio Solution File, Format Version 12.00
# Visual Studio Version 17
VisualStudioVersion = 17.11.35327.3
MinimumVisualStudioVersion = 10.0.40219.1
Project("{FAE04EC0-301F-11D3-BF4B-00C04F79EFBC}") = "Inventory3", "Inventory3\Inventory3.csproj", "{635C48F7-C6F0-47D7-81A2-FBB88982EDDA}"
EndProject
Global
	GlobalSection(SolutionConfigurationPlatforms) = preSolution
		Debug|Any CPU = Debug|Any CPU
		Release|Any CPU = Release|Any CPU
	EndGlobalSection
	GlobalSection(ProjectConfigurationPlatforms) = postSolution
		{635C48F7-C6F0-47D7-81A2-FBB88982EDDA}.Debug|Any CPU.ActiveCfg = Debug|Any CPU
		{635C48F7-C6F0-47D7-81A2-FBB88982EDDA}.Debug|Any CPU.Build.0 = Debug|Any CPU
		{635C48F7-C6F0-47D7-81A2-FBB88982EDDA}.Release|Any CPU.ActiveCfg = Release|Any CPU
		{635C48F7-C6F0-47D7-81A2-FBB88982EDDA}.Release|Any CPU.Build.0 = Release|Any CPU
	EndGlobalSection
	GlobalSection(SolutionProperties) = preSolution
		HideSolutionNode = FALSE
	EndGlobalSection
	GlobalSection(ExtensibilityGlobals) = postSolution
		SolutionGuid = {72E4AB6D-F480-4897-9F02-F10B528E3101}
	EndGlobalSection
EndGlobal
